
Microsoft Visual Studio Solution File, Format Version 12.00
# Visual Studio 15
VisualStudioVersion = 15.0.26124.0
MinimumVisualStudioVersion = 15.0.26124.0
Project("{FAE04EC0-301F-11D3-BF4B-00C04F79EFBC}") = "Domain", "Domain\Domain.csproj", "{19C3EE78-3043-4477-8255-B6B532BEED77}"
EndProject
Project("{FAE04EC0-301F-11D3-BF4B-00C04F79EFBC}") = "Application", "Application\Application.csproj", "{232A7D65-E6A8-4026-A0B4-5832039C62BB}"
EndProject
Project("{FAE04EC0-301F-11D3-BF4B-00C04F79EFBC}") = "Persistence", "Persistence\Persistence.csproj", "{C72438D6-D5EA-447A-B53B-7F2C7027D009}"
EndProject
Project("{FAE04EC0-301F-11D3-BF4B-00C04F79EFBC}") = "API", "API\API.csproj", "{0F39017B-D1F0-44C9-9D34-C7E58001F5B7}"
EndProject
Global
	GlobalSection(SolutionConfigurationPlatforms) = preSolution
		Debug|Any CPU = Debug|Any CPU
		Debug|x64 = Debug|x64
		Debug|x86 = Debug|x86
		Release|Any CPU = Release|Any CPU
		Release|x64 = Release|x64
		Release|x86 = Release|x86
	EndGlobalSection
	GlobalSection(SolutionProperties) = preSolution
		HideSolutionNode = FALSE
	EndGlobalSection
	GlobalSection(ProjectConfigurationPlatforms) = postSolution
		{19C3EE78-3043-4477-8255-B6B532BEED77}.Debug|Any CPU.ActiveCfg = Debug|Any CPU
		{19C3EE78-3043-4477-8255-B6B532BEED77}.Debug|Any CPU.Build.0 = Debug|Any CPU
		{19C3EE78-3043-4477-8255-B6B532BEED77}.Debug|x64.ActiveCfg = Debug|Any CPU
		{19C3EE78-3043-4477-8255-B6B532BEED77}.Debug|x64.Build.0 = Debug|Any CPU
		{19C3EE78-3043-4477-8255-B6B532BEED77}.Debug|x86.ActiveCfg = Debug|Any CPU
		{19C3EE78-3043-4477-8255-B6B532BEED77}.Debug|x86.Build.0 = Debug|Any CPU
		{19C3EE78-3043-4477-8255-B6B532BEED77}.Release|Any CPU.ActiveCfg = Release|Any CPU
		{19C3EE78-3043-4477-8255-B6B532BEED77}.Release|Any CPU.Build.0 = Release|Any CPU
		{19C3EE78-3043-4477-8255-B6B532BEED77}.Release|x64.ActiveCfg = Release|Any CPU
		{19C3EE78-3043-4477-8255-B6B532BEED77}.Release|x64.Build.0 = Release|Any CPU
		{19C3EE78-3043-4477-8255-B6B532BEED77}.Release|x86.ActiveCfg = Release|Any CPU
		{19C3EE78-3043-4477-8255-B6B532BEED77}.Release|x86.Build.0 = Release|Any CPU
		{232A7D65-E6A8-4026-A0B4-5832039C62BB}.Debug|Any CPU.ActiveCfg = Debug|Any CPU
		{232A7D65-E6A8-4026-A0B4-5832039C62BB}.Debug|Any CPU.Build.0 = Debug|Any CPU
		{232A7D65-E6A8-4026-A0B4-5832039C62BB}.Debug|x64.ActiveCfg = Debug|Any CPU
		{232A7D65-E6A8-4026-A0B4-5832039C62BB}.Debug|x64.Build.0 = Debug|Any CPU
		{232A7D65-E6A8-4026-A0B4-5832039C62BB}.Debug|x86.ActiveCfg = Debug|Any CPU
		{232A7D65-E6A8-4026-A0B4-5832039C62BB}.Debug|x86.Build.0 = Debug|Any CPU
		{232A7D65-E6A8-4026-A0B4-5832039C62BB}.Release|Any CPU.ActiveCfg = Release|Any CPU
		{232A7D65-E6A8-4026-A0B4-5832039C62BB}.Release|Any CPU.Build.0 = Release|Any CPU
		{232A7D65-E6A8-4026-A0B4-5832039C62BB}.Release|x64.ActiveCfg = Release|Any CPU
		{232A7D65-E6A8-4026-A0B4-5832039C62BB}.Release|x64.Build.0 = Release|Any CPU
		{232A7D65-E6A8-4026-A0B4-5832039C62BB}.Release|x86.ActiveCfg = Release|Any CPU
		{232A7D65-E6A8-4026-A0B4-5832039C62BB}.Release|x86.Build.0 = Release|Any CPU
		{C72438D6-D5EA-447A-B53B-7F2C7027D009}.Debug|Any CPU.ActiveCfg = Debug|Any CPU
		{C72438D6-D5EA-447A-B53B-7F2C7027D009}.Debug|Any CPU.Build.0 = Debug|Any CPU
		{C72438D6-D5EA-447A-B53B-7F2C7027D009}.Debug|x64.ActiveCfg = Debug|Any CPU
		{C72438D6-D5EA-447A-B53B-7F2C7027D009}.Debug|x64.Build.0 = Debug|Any CPU
		{C72438D6-D5EA-447A-B53B-7F2C7027D009}.Debug|x86.ActiveCfg = Debug|Any CPU
		{C72438D6-D5EA-447A-B53B-7F2C7027D009}.Debug|x86.Build.0 = Debug|Any CPU
		{C72438D6-D5EA-447A-B53B-7F2C7027D009}.Release|Any CPU.ActiveCfg = Release|Any CPU
		{C72438D6-D5EA-447A-B53B-7F2C7027D009}.Release|Any CPU.Build.0 = Release|Any CPU
		{C72438D6-D5EA-447A-B53B-7F2C7027D009}.Release|x64.ActiveCfg = Release|Any CPU
		{C72438D6-D5EA-447A-B53B-7F2C7027D009}.Release|x64.Build.0 = Release|Any CPU
		{C72438D6-D5EA-447A-B53B-7F2C7027D009}.Release|x86.ActiveCfg = Release|Any CPU
		{C72438D6-D5EA-447A-B53B-7F2C7027D009}.Release|x86.Build.0 = Release|Any CPU
		{0F39017B-D1F0-44C9-9D34-C7E58001F5B7}.Debug|Any CPU.ActiveCfg = Debug|Any CPU
		{0F39017B-D1F0-44C9-9D34-C7E58001F5B7}.Debug|Any CPU.Build.0 = Debug|Any CPU
		{0F39017B-D1F0-44C9-9D34-C7E58001F5B7}.Debug|x64.ActiveCfg = Debug|Any CPU
		{0F39017B-D1F0-44C9-9D34-C7E58001F5B7}.Debug|x64.Build.0 = Debug|Any CPU
		{0F39017B-D1F0-44C9-9D34-C7E58001F5B7}.Debug|x86.ActiveCfg = Debug|Any CPU
		{0F39017B-D1F0-44C9-9D34-C7E58001F5B7}.Debug|x86.Build.0 = Debug|Any CPU
		{0F39017B-D1F0-44C9-9D34-C7E58001F5B7}.Release|Any CPU.ActiveCfg = Release|Any CPU
		{0F39017B-D1F0-44C9-9D34-C7E58001F5B7}.Release|Any CPU.Build.0 = Release|Any CPU
		{0F39017B-D1F0-44C9-9D34-C7E58001F5B7}.Release|x64.ActiveCfg = Release|Any CPU
		{0F39017B-D1F0-44C9-9D34-C7E58001F5B7}.Release|x64.Build.0 = Release|Any CPU
		{0F39017B-D1F0-44C9-9D34-C7E58001F5B7}.Release|x86.ActiveCfg = Release|Any CPU
		{0F39017B-D1F0-44C9-9D34-C7E58001F5B7}.Release|x86.Build.0 = Release|Any CPU
	EndGlobalSection
EndGlobal
